
Microsoft Visual Studio Solution File, Format Version 12.00
# Visual Studio Version 17
VisualStudioVersion = 17.8.34525.116
MinimumVisualStudioVersion = 10.0.40219.1
Project("{FAE04EC0-301F-11D3-BF4B-00C04F79EFBC}") = "consumption", "consumption\consumption.csproj", "{0D132EF0-21B8-48C9-BC2F-53DC701AE4EB}"
EndProject
Global
	GlobalSection(SolutionConfigurationPlatforms) = preSolution
		Debug|Any CPU = Debug|Any CPU
		Release|Any CPU = Release|Any CPU
	EndGlobalSection
	GlobalSection(ProjectConfigurationPlatforms) = postSolution
		{0D132EF0-21B8-48C9-BC2F-53DC701AE4EB}.Debug|Any CPU.ActiveCfg = Debug|Any CPU
		{0D132EF0-21B8-48C9-BC2F-53DC701AE4EB}.Debug|Any CPU.Build.0 = Debug|Any CPU
		{0D132EF0-21B8-48C9-BC2F-53DC701AE4EB}.Release|Any CPU.ActiveCfg = Release|Any CPU
		{0D132EF0-21B8-48C9-BC2F-53DC701AE4EB}.Release|Any CPU.Build.0 = Release|Any CPU
	EndGlobalSection
	GlobalSection(SolutionProperties) = preSolution
		HideSolutionNode = FALSE
	EndGlobalSection
	GlobalSection(ExtensibilityGlobals) = postSolution
		SolutionGuid = {41111C4D-99EC-4278-AF11-FF9EDAF57EF3}
	EndGlobalSection
EndGlobal
